// !$*UTF8*$!
{
	archiveVersion = 1;
	classes = {
	};
	objectVersion = 46;
	objects = {

/* Begin PBXBuildFile section */
		044B231C1DAC9D8900F53397 /* xScanner.framework in Frameworks */ = {isa = PBXBuildFile; fileRef = 044B23121DAC9D8800F53397 /* xScanner.framework */; };
		044B23381DAC9D9F00F53397 /* xScanner.framework in Frameworks */ = {isa = PBXBuildFile; fileRef = 044B232F1DAC9D9F00F53397 /* xScanner.framework */; };
		04BF6A301DB07CE9009BC8B9 /* BaseTests.swift in Sources */ = {isa = PBXBuildFile; fileRef = 04BF6A281DB07CE9009BC8B9 /* BaseTests.swift */; };
		04BF6A311DB07CE9009BC8B9 /* BaseTests.swift in Sources */ = {isa = PBXBuildFile; fileRef = 04BF6A281DB07CE9009BC8B9 /* BaseTests.swift */; };
		04BF6A321DB07CE9009BC8B9 /* ICMPTests.swift in Sources */ = {isa = PBXBuildFile; fileRef = 04BF6A291DB07CE9009BC8B9 /* ICMPTests.swift */; };
		04BF6A331DB07CE9009BC8B9 /* ICMPTests.swift in Sources */ = {isa = PBXBuildFile; fileRef = 04BF6A291DB07CE9009BC8B9 /* ICMPTests.swift */; };
		04BF6A341DB07CE9009BC8B9 /* NetworkLatencyTests.swift in Sources */ = {isa = PBXBuildFile; fileRef = 04BF6A2A1DB07CE9009BC8B9 /* NetworkLatencyTests.swift */; };
		04BF6A351DB07CE9009BC8B9 /* NetworkLatencyTests.swift in Sources */ = {isa = PBXBuildFile; fileRef = 04BF6A2A1DB07CE9009BC8B9 /* NetworkLatencyTests.swift */; };
		04BF6A361DB07CE9009BC8B9 /* ScannerHostTests.swift in Sources */ = {isa = PBXBuildFile; fileRef = 04BF6A2B1DB07CE9009BC8B9 /* ScannerHostTests.swift */; };
		04BF6A371DB07CE9009BC8B9 /* ScannerHostTests.swift in Sources */ = {isa = PBXBuildFile; fileRef = 04BF6A2B1DB07CE9009BC8B9 /* ScannerHostTests.swift */; };
		04BF6A381DB07CE9009BC8B9 /* ScannerPortsTests.swift in Sources */ = {isa = PBXBuildFile; fileRef = 04BF6A2C1DB07CE9009BC8B9 /* ScannerPortsTests.swift */; };
		04BF6A391DB07CE9009BC8B9 /* ScannerPortsTests.swift in Sources */ = {isa = PBXBuildFile; fileRef = 04BF6A2C1DB07CE9009BC8B9 /* ScannerPortsTests.swift */; };
		04BF6A3A1DB07CE9009BC8B9 /* TCPTests.swift in Sources */ = {isa = PBXBuildFile; fileRef = 04BF6A2D1DB07CE9009BC8B9 /* TCPTests.swift */; };
		04BF6A3B1DB07CE9009BC8B9 /* TCPTests.swift in Sources */ = {isa = PBXBuildFile; fileRef = 04BF6A2D1DB07CE9009BC8B9 /* TCPTests.swift */; };
		04BF6A3C1DB07CE9009BC8B9 /* UDPTests.swift in Sources */ = {isa = PBXBuildFile; fileRef = 04BF6A2E1DB07CE9009BC8B9 /* UDPTests.swift */; };
		04BF6A3D1DB07CE9009BC8B9 /* UDPTests.swift in Sources */ = {isa = PBXBuildFile; fileRef = 04BF6A2E1DB07CE9009BC8B9 /* UDPTests.swift */; };
		04BF6A3E1DB07CE9009BC8B9 /* WOLTests.swift in Sources */ = {isa = PBXBuildFile; fileRef = 04BF6A2F1DB07CE9009BC8B9 /* WOLTests.swift */; };
		04BF6A3F1DB07CE9009BC8B9 /* WOLTests.swift in Sources */ = {isa = PBXBuildFile; fileRef = 04BF6A2F1DB07CE9009BC8B9 /* WOLTests.swift */; };
		04E5D5631E51A02D000C44F3 /* xScanner.h in Headers */ = {isa = PBXBuildFile; fileRef = 04E5D5601E51A008000C44F3 /* xScanner.h */; settings = {ATTRIBUTES = (Public, ); }; };
		04E5D5641E51A02D000C44F3 /* xScanner.h in Headers */ = {isa = PBXBuildFile; fileRef = 04E5D5601E51A008000C44F3 /* xScanner.h */; settings = {ATTRIBUTES = (Public, ); }; };
		04E5D5671E51A071000C44F3 /* Base.swift in Sources */ = {isa = PBXBuildFile; fileRef = 04E5D54A1E51A008000C44F3 /* Base.swift */; };
		04E5D5681E51A071000C44F3 /* Calculate.swift in Sources */ = {isa = PBXBuildFile; fileRef = 04E5D54B1E51A008000C44F3 /* Calculate.swift */; };
		04E5D5691E51A071000C44F3 /* Error.swift in Sources */ = {isa = PBXBuildFile; fileRef = 04E5D54C1E51A008000C44F3 /* Error.swift */; };
		04E5D56A1E51A071000C44F3 /* ICMP.swift in Sources */ = {isa = PBXBuildFile; fileRef = 04E5D54D1E51A008000C44F3 /* ICMP.swift */; };
		04E5D56B1E51A071000C44F3 /* InterfaceInformation.swift in Sources */ = {isa = PBXBuildFile; fileRef = 04E5D54F1E51A008000C44F3 /* InterfaceInformation.swift */; };
		04E5D56C1E51A071000C44F3 /* NetworkLatency.swift in Sources */ = {isa = PBXBuildFile; fileRef = 04E5D5581E51A008000C44F3 /* NetworkLatency.swift */; };
		04E5D56D1E51A071000C44F3 /* Reachability.swift in Sources */ = {isa = PBXBuildFile; fileRef = 04E5D5591E51A008000C44F3 /* Reachability.swift */; };
		04E5D56E1E51A071000C44F3 /* ScannerHost.swift in Sources */ = {isa = PBXBuildFile; fileRef = 04E5D55A1E51A008000C44F3 /* ScannerHost.swift */; };
		04E5D56F1E51A071000C44F3 /* ScannerPorts.swift in Sources */ = {isa = PBXBuildFile; fileRef = 04E5D55B1E51A008000C44F3 /* ScannerPorts.swift */; };
		04E5D5701E51A071000C44F3 /* TCP.swift in Sources */ = {isa = PBXBuildFile; fileRef = 04E5D55C1E51A008000C44F3 /* TCP.swift */; };
		04E5D5711E51A071000C44F3 /* UDP.swift in Sources */ = {isa = PBXBuildFile; fileRef = 04E5D55D1E51A008000C44F3 /* UDP.swift */; };
		04E5D5731E51A071000C44F3 /* WOL.swift in Sources */ = {isa = PBXBuildFile; fileRef = 04E5D55F1E51A008000C44F3 /* WOL.swift */; };
		04E5D5741E51A071000C44F3 /* xScanner.swift in Sources */ = {isa = PBXBuildFile; fileRef = 04E5D5611E51A008000C44F3 /* xScanner.swift */; };
		04E5D5751E51A072000C44F3 /* Base.swift in Sources */ = {isa = PBXBuildFile; fileRef = 04E5D54A1E51A008000C44F3 /* Base.swift */; };
		04E5D5761E51A072000C44F3 /* Calculate.swift in Sources */ = {isa = PBXBuildFile; fileRef = 04E5D54B1E51A008000C44F3 /* Calculate.swift */; };
		04E5D5771E51A072000C44F3 /* Error.swift in Sources */ = {isa = PBXBuildFile; fileRef = 04E5D54C1E51A008000C44F3 /* Error.swift */; };
		04E5D5781E51A072000C44F3 /* ICMP.swift in Sources */ = {isa = PBXBuildFile; fileRef = 04E5D54D1E51A008000C44F3 /* ICMP.swift */; };
		04E5D5791E51A072000C44F3 /* InterfaceInformation.swift in Sources */ = {isa = PBXBuildFile; fileRef = 04E5D54F1E51A008000C44F3 /* InterfaceInformation.swift */; };
		04E5D57A1E51A072000C44F3 /* NetworkLatency.swift in Sources */ = {isa = PBXBuildFile; fileRef = 04E5D5581E51A008000C44F3 /* NetworkLatency.swift */; };
		04E5D57B1E51A072000C44F3 /* Reachability.swift in Sources */ = {isa = PBXBuildFile; fileRef = 04E5D5591E51A008000C44F3 /* Reachability.swift */; };
		04E5D57C1E51A072000C44F3 /* ScannerHost.swift in Sources */ = {isa = PBXBuildFile; fileRef = 04E5D55A1E51A008000C44F3 /* ScannerHost.swift */; };
		04E5D57D1E51A072000C44F3 /* ScannerPorts.swift in Sources */ = {isa = PBXBuildFile; fileRef = 04E5D55B1E51A008000C44F3 /* ScannerPorts.swift */; };
		04E5D57E1E51A072000C44F3 /* TCP.swift in Sources */ = {isa = PBXBuildFile; fileRef = 04E5D55C1E51A008000C44F3 /* TCP.swift */; };
		04E5D57F1E51A072000C44F3 /* UDP.swift in Sources */ = {isa = PBXBuildFile; fileRef = 04E5D55D1E51A008000C44F3 /* UDP.swift */; };
		04E5D5801E51A072000C44F3 /* Wireless.swift in Sources */ = {isa = PBXBuildFile; fileRef = 04E5D55E1E51A008000C44F3 /* Wireless.swift */; };
		04E5D5811E51A072000C44F3 /* WOL.swift in Sources */ = {isa = PBXBuildFile; fileRef = 04E5D55F1E51A008000C44F3 /* WOL.swift */; };
		04E5D5821E51A072000C44F3 /* xScanner.swift in Sources */ = {isa = PBXBuildFile; fileRef = 04E5D5611E51A008000C44F3 /* xScanner.swift */; };
/* End PBXBuildFile section */

/* Begin PBXContainerItemProxy section */
		044B231D1DAC9D8900F53397 /* PBXContainerItemProxy */ = {
			isa = PBXContainerItemProxy;
			containerPortal = 044B23071DAC9D0600F53397 /* Project object */;
			proxyType = 1;
			remoteGlobalIDString = 044B23111DAC9D8800F53397;
			remoteInfo = "xScanner iOS";
		};
		044B23391DAC9D9F00F53397 /* PBXContainerItemProxy */ = {
			isa = PBXContainerItemProxy;
			containerPortal = 044B23071DAC9D0600F53397 /* Project object */;
			proxyType = 1;
			remoteGlobalIDString = 044B232E1DAC9D9F00F53397;
			remoteInfo = "xScanner macOS";
		};
/* End PBXContainerItemProxy section */

/* Begin PBXFileReference section */
		043572361DB07DD100EC41D8 /* xScanner Tests-Bridging-Header.h */ = {isa = PBXFileReference; lastKnownFileType = sourcecode.c.h; path = "xScanner Tests-Bridging-Header.h"; sourceTree = "<group>"; };
		044B23121DAC9D8800F53397 /* xScanner.framework */ = {isa = PBXFileReference; explicitFileType = wrapper.framework; includeInIndex = 0; path = xScanner.framework; sourceTree = BUILT_PRODUCTS_DIR; };
		044B231B1DAC9D8900F53397 /* xScanner iOS Tests.xctest */ = {isa = PBXFileReference; explicitFileType = wrapper.cfbundle; includeInIndex = 0; path = "xScanner iOS Tests.xctest"; sourceTree = BUILT_PRODUCTS_DIR; };
		044B232F1DAC9D9F00F53397 /* xScanner.framework */ = {isa = PBXFileReference; explicitFileType = wrapper.framework; includeInIndex = 0; path = xScanner.framework; sourceTree = BUILT_PRODUCTS_DIR; };
		044B23371DAC9D9F00F53397 /* xScanner macOS Tests.xctest */ = {isa = PBXFileReference; explicitFileType = wrapper.cfbundle; includeInIndex = 0; path = "xScanner macOS Tests.xctest"; sourceTree = BUILT_PRODUCTS_DIR; };
		044B234A1DAC9E3900F53397 /* Info.plist */ = {isa = PBXFileReference; lastKnownFileType = text.plist.xml; path = Info.plist; sourceTree = "<group>"; };
		04BF6A281DB07CE9009BC8B9 /* BaseTests.swift */ = {isa = PBXFileReference; fileEncoding = 4; lastKnownFileType = sourcecode.swift; path = BaseTests.swift; sourceTree = "<group>"; };
		04BF6A291DB07CE9009BC8B9 /* ICMPTests.swift */ = {isa = PBXFileReference; fileEncoding = 4; lastKnownFileType = sourcecode.swift; path = ICMPTests.swift; sourceTree = "<group>"; };
		04BF6A2A1DB07CE9009BC8B9 /* NetworkLatencyTests.swift */ = {isa = PBXFileReference; fileEncoding = 4; lastKnownFileType = sourcecode.swift; path = NetworkLatencyTests.swift; sourceTree = "<group>"; };
		04BF6A2B1DB07CE9009BC8B9 /* ScannerHostTests.swift */ = {isa = PBXFileReference; fileEncoding = 4; lastKnownFileType = sourcecode.swift; path = ScannerHostTests.swift; sourceTree = "<group>"; };
		04BF6A2C1DB07CE9009BC8B9 /* ScannerPortsTests.swift */ = {isa = PBXFileReference; fileEncoding = 4; lastKnownFileType = sourcecode.swift; path = ScannerPortsTests.swift; sourceTree = "<group>"; };
		04BF6A2D1DB07CE9009BC8B9 /* TCPTests.swift */ = {isa = PBXFileReference; fileEncoding = 4; lastKnownFileType = sourcecode.swift; path = TCPTests.swift; sourceTree = "<group>"; };
		04BF6A2E1DB07CE9009BC8B9 /* UDPTests.swift */ = {isa = PBXFileReference; fileEncoding = 4; lastKnownFileType = sourcecode.swift; path = UDPTests.swift; sourceTree = "<group>"; };
		04BF6A2F1DB07CE9009BC8B9 /* WOLTests.swift */ = {isa = PBXFileReference; fileEncoding = 4; lastKnownFileType = sourcecode.swift; path = WOLTests.swift; sourceTree = "<group>"; };
		04E5D54A1E51A008000C44F3 /* Base.swift */ = {isa = PBXFileReference; lastKnownFileType = sourcecode.swift; path = Base.swift; sourceTree = "<group>"; };
		04E5D54B1E51A008000C44F3 /* Calculate.swift */ = {isa = PBXFileReference; lastKnownFileType = sourcecode.swift; path = Calculate.swift; sourceTree = "<group>"; };
		04E5D54C1E51A008000C44F3 /* Error.swift */ = {isa = PBXFileReference; lastKnownFileType = sourcecode.swift; path = Error.swift; sourceTree = "<group>"; };
		04E5D54D1E51A008000C44F3 /* ICMP.swift */ = {isa = PBXFileReference; lastKnownFileType = sourcecode.swift; path = ICMP.swift; sourceTree = "<group>"; };
		04E5D54E1E51A008000C44F3 /* Info.plist */ = {isa = PBXFileReference; lastKnownFileType = text.plist.xml; path = Info.plist; sourceTree = "<group>"; };
		04E5D54F1E51A008000C44F3 /* InterfaceInformation.swift */ = {isa = PBXFileReference; lastKnownFileType = sourcecode.swift; path = InterfaceInformation.swift; sourceTree = "<group>"; };
		04E5D5531E51A008000C44F3 /* module.modulemap */ = {isa = PBXFileReference; lastKnownFileType = "sourcecode.module-map"; path = module.modulemap; sourceTree = "<group>"; };
		04E5D5551E51A008000C44F3 /* module.modulemap */ = {isa = PBXFileReference; lastKnownFileType = "sourcecode.module-map"; path = module.modulemap; sourceTree = "<group>"; };
		04E5D5571E51A008000C44F3 /* module.modulemap */ = {isa = PBXFileReference; lastKnownFileType = "sourcecode.module-map"; path = module.modulemap; sourceTree = "<group>"; };
		04E5D5581E51A008000C44F3 /* NetworkLatency.swift */ = {isa = PBXFileReference; lastKnownFileType = sourcecode.swift; path = NetworkLatency.swift; sourceTree = "<group>"; };
		04E5D5591E51A008000C44F3 /* Reachability.swift */ = {isa = PBXFileReference; lastKnownFileType = sourcecode.swift; path = Reachability.swift; sourceTree = "<group>"; };
		04E5D55A1E51A008000C44F3 /* ScannerHost.swift */ = {isa = PBXFileReference; lastKnownFileType = sourcecode.swift; path = ScannerHost.swift; sourceTree = "<group>"; };
		04E5D55B1E51A008000C44F3 /* ScannerPorts.swift */ = {isa = PBXFileReference; lastKnownFileType = sourcecode.swift; path = ScannerPorts.swift; sourceTree = "<group>"; };
		04E5D55C1E51A008000C44F3 /* TCP.swift */ = {isa = PBXFileReference; lastKnownFileType = sourcecode.swift; path = TCP.swift; sourceTree = "<group>"; };
		04E5D55D1E51A008000C44F3 /* UDP.swift */ = {isa = PBXFileReference; lastKnownFileType = sourcecode.swift; path = UDP.swift; sourceTree = "<group>"; };
		04E5D55E1E51A008000C44F3 /* Wireless.swift */ = {isa = PBXFileReference; lastKnownFileType = sourcecode.swift; path = Wireless.swift; sourceTree = "<group>"; };
		04E5D55F1E51A008000C44F3 /* WOL.swift */ = {isa = PBXFileReference; lastKnownFileType = sourcecode.swift; path = WOL.swift; sourceTree = "<group>"; };
		04E5D5601E51A008000C44F3 /* xScanner.h */ = {isa = PBXFileReference; lastKnownFileType = sourcecode.c.h; path = xScanner.h; sourceTree = "<group>"; };
		04E5D5611E51A008000C44F3 /* xScanner.swift */ = {isa = PBXFileReference; lastKnownFileType = sourcecode.swift; path = xScanner.swift; sourceTree = "<group>"; };
/* End PBXFileReference section */

/* Begin PBXFrameworksBuildPhase section */
		044B230E1DAC9D8800F53397 /* Frameworks */ = {
			isa = PBXFrameworksBuildPhase;
			buildActionMask = 2147483647;
			files = (
			);
			runOnlyForDeploymentPostprocessing = 0;
		};
		044B23181DAC9D8900F53397 /* Frameworks */ = {
			isa = PBXFrameworksBuildPhase;
			buildActionMask = 2147483647;
			files = (
				044B231C1DAC9D8900F53397 /* xScanner.framework in Frameworks */,
			);
			runOnlyForDeploymentPostprocessing = 0;
		};
		044B232B1DAC9D9F00F53397 /* Frameworks */ = {
			isa = PBXFrameworksBuildPhase;
			buildActionMask = 2147483647;
			files = (
			);
			runOnlyForDeploymentPostprocessing = 0;
		};
		044B23341DAC9D9F00F53397 /* Frameworks */ = {
			isa = PBXFrameworksBuildPhase;
			buildActionMask = 2147483647;
			files = (
				044B23381DAC9D9F00F53397 /* xScanner.framework in Frameworks */,
			);
			runOnlyForDeploymentPostprocessing = 0;
		};
/* End PBXFrameworksBuildPhase section */

/* Begin PBXGroup section */
		044B23061DAC9D0600F53397 = {
			isa = PBXGroup;
			children = (
				04E5D5491E51A008000C44F3 /* Sources */,
				044B23491DAC9E3900F53397 /* Tests */,
				044B23131DAC9D8800F53397 /* Products */,
			);
			sourceTree = "<group>";
		};
		044B23131DAC9D8800F53397 /* Products */ = {
			isa = PBXGroup;
			children = (
				044B23121DAC9D8800F53397 /* xScanner.framework */,
				044B231B1DAC9D8900F53397 /* xScanner iOS Tests.xctest */,
				044B232F1DAC9D9F00F53397 /* xScanner.framework */,
				044B23371DAC9D9F00F53397 /* xScanner macOS Tests.xctest */,
			);
			name = Products;
			sourceTree = "<group>";
		};
		044B23491DAC9E3900F53397 /* Tests */ = {
			isa = PBXGroup;
			children = (
				04BF6A281DB07CE9009BC8B9 /* BaseTests.swift */,
				04BF6A291DB07CE9009BC8B9 /* ICMPTests.swift */,
				04BF6A2A1DB07CE9009BC8B9 /* NetworkLatencyTests.swift */,
				04BF6A2B1DB07CE9009BC8B9 /* ScannerHostTests.swift */,
				04BF6A2C1DB07CE9009BC8B9 /* ScannerPortsTests.swift */,
				04BF6A2D1DB07CE9009BC8B9 /* TCPTests.swift */,
				04BF6A2E1DB07CE9009BC8B9 /* UDPTests.swift */,
				04BF6A2F1DB07CE9009BC8B9 /* WOLTests.swift */,
				044B234C1DAC9E4800F53397 /* Supporting Files */,
			);
			path = Tests;
			sourceTree = "<group>";
		};
		044B234C1DAC9E4800F53397 /* Supporting Files */ = {
			isa = PBXGroup;
			children = (
				043572361DB07DD100EC41D8 /* xScanner Tests-Bridging-Header.h */,
				044B234A1DAC9E3900F53397 /* Info.plist */,
			);
			name = "Supporting Files";
			sourceTree = "<group>";
		};
		04E5D5491E51A008000C44F3 /* Sources */ = {
			isa = PBXGroup;
			children = (
				04E5D5611E51A008000C44F3 /* xScanner.swift */,
				04E5D5651E51A05E000C44F3 /* Core */,
				04E5D5661E51A065000C44F3 /* Features */,
				04E5D5621E51A00D000C44F3 /* Supporting Files */,
				04E5D54B1E51A008000C44F3 /* Calculate.swift */,
				04E5D54F1E51A008000C44F3 /* InterfaceInformation.swift */,
				04E5D5581E51A008000C44F3 /* NetworkLatency.swift */,
				04E5D5591E51A008000C44F3 /* Reachability.swift */,
				04E5D55A1E51A008000C44F3 /* ScannerHost.swift */,
				04E5D55B1E51A008000C44F3 /* ScannerPorts.swift */,
				04E5D55E1E51A008000C44F3 /* Wireless.swift */,
			);
			path = Sources;
			sourceTree = "<group>";
		};
		04E5D5501E51A008000C44F3 /* modules */ = {
			isa = PBXGroup;
			children = (
				04E5D5511E51A008000C44F3 /* ifaddrs */,
			);
			path = modules;
			sourceTree = "<group>";
		};
		04E5D5511E51A008000C44F3 /* ifaddrs */ = {
			isa = PBXGroup;
			children = (
				04E5D5521E51A008000C44F3 /* iphoneos */,
				04E5D5541E51A008000C44F3 /* iphonesimulator */,
				04E5D5561E51A008000C44F3 /* macosx */,
			);
			path = ifaddrs;
			sourceTree = "<group>";
		};
		04E5D5521E51A008000C44F3 /* iphoneos */ = {
			isa = PBXGroup;
			children = (
				04E5D5531E51A008000C44F3 /* module.modulemap */,
			);
			path = iphoneos;
			sourceTree = "<group>";
		};
		04E5D5541E51A008000C44F3 /* iphonesimulator */ = {
			isa = PBXGroup;
			children = (
				04E5D5551E51A008000C44F3 /* module.modulemap */,
			);
			path = iphonesimulator;
			sourceTree = "<group>";
		};
		04E5D5561E51A008000C44F3 /* macosx */ = {
			isa = PBXGroup;
			children = (
				04E5D5571E51A008000C44F3 /* module.modulemap */,
			);
			path = macosx;
			sourceTree = "<group>";
		};
		04E5D5621E51A00D000C44F3 /* Supporting Files */ = {
			isa = PBXGroup;
			children = (
				04E5D5601E51A008000C44F3 /* xScanner.h */,
				04E5D54E1E51A008000C44F3 /* Info.plist */,
				04E5D5501E51A008000C44F3 /* modules */,
			);
			name = "Supporting Files";
			sourceTree = "<group>";
		};
		04E5D5651E51A05E000C44F3 /* Core */ = {
			isa = PBXGroup;
			children = (
				04E5D54A1E51A008000C44F3 /* Base.swift */,
				04E5D54C1E51A008000C44F3 /* Error.swift */,
				04E5D54D1E51A008000C44F3 /* ICMP.swift */,
				04E5D55C1E51A008000C44F3 /* TCP.swift */,
				04E5D55D1E51A008000C44F3 /* UDP.swift */,
				04E5D55F1E51A008000C44F3 /* WOL.swift */,
			);
			name = Core;
			sourceTree = "<group>";
		};
		04E5D5661E51A065000C44F3 /* Features */ = {
			isa = PBXGroup;
			children = (
			);
			name = Features;
			sourceTree = "<group>";
		};
/* End PBXGroup section */

/* Begin PBXHeadersBuildPhase section */
		044B230F1DAC9D8800F53397 /* Headers */ = {
			isa = PBXHeadersBuildPhase;
			buildActionMask = 2147483647;
			files = (
				04E5D5631E51A02D000C44F3 /* xScanner.h in Headers */,
			);
			runOnlyForDeploymentPostprocessing = 0;
		};
		044B232C1DAC9D9F00F53397 /* Headers */ = {
			isa = PBXHeadersBuildPhase;
			buildActionMask = 2147483647;
			files = (
				04E5D5641E51A02D000C44F3 /* xScanner.h in Headers */,
			);
			runOnlyForDeploymentPostprocessing = 0;
		};
/* End PBXHeadersBuildPhase section */

/* Begin PBXNativeTarget section */
		044B23111DAC9D8800F53397 /* xScanner iOS */ = {
			isa = PBXNativeTarget;
			buildConfigurationList = 044B23281DAC9D8900F53397 /* Build configuration list for PBXNativeTarget "xScanner iOS" */;
			buildPhases = (
				044B230D1DAC9D8800F53397 /* Sources */,
				044B230E1DAC9D8800F53397 /* Frameworks */,
				044B230F1DAC9D8800F53397 /* Headers */,
				044B23101DAC9D8800F53397 /* Resources */,
			);
			buildRules = (
			);
			dependencies = (
			);
			name = "xScanner iOS";
			productName = "xScanner iOS";
			productReference = 044B23121DAC9D8800F53397 /* xScanner.framework */;
			productType = "com.apple.product-type.framework";
		};
		044B231A1DAC9D8900F53397 /* xScanner iOS Tests */ = {
			isa = PBXNativeTarget;
			buildConfigurationList = 044B23291DAC9D8900F53397 /* Build configuration list for PBXNativeTarget "xScanner iOS Tests" */;
			buildPhases = (
				044B23171DAC9D8900F53397 /* Sources */,
				044B23181DAC9D8900F53397 /* Frameworks */,
				044B23191DAC9D8900F53397 /* Resources */,
			);
			buildRules = (
			);
			dependencies = (
				044B231E1DAC9D8900F53397 /* PBXTargetDependency */,
			);
			name = "xScanner iOS Tests";
			productName = "xScanner iOSTests";
			productReference = 044B231B1DAC9D8900F53397 /* xScanner iOS Tests.xctest */;
			productType = "com.apple.product-type.bundle.unit-test";
		};
		044B232E1DAC9D9F00F53397 /* xScanner macOS */ = {
			isa = PBXNativeTarget;
			buildConfigurationList = 044B23401DAC9D9F00F53397 /* Build configuration list for PBXNativeTarget "xScanner macOS" */;
			buildPhases = (
				044B232A1DAC9D9F00F53397 /* Sources */,
				044B232B1DAC9D9F00F53397 /* Frameworks */,
				044B232C1DAC9D9F00F53397 /* Headers */,
				044B232D1DAC9D9F00F53397 /* Resources */,
			);
			buildRules = (
			);
			dependencies = (
			);
			name = "xScanner macOS";
			productName = "xScanner macOS";
			productReference = 044B232F1DAC9D9F00F53397 /* xScanner.framework */;
			productType = "com.apple.product-type.framework";
		};
		044B23361DAC9D9F00F53397 /* xScanner macOS Tests */ = {
			isa = PBXNativeTarget;
			buildConfigurationList = 044B23431DAC9D9F00F53397 /* Build configuration list for PBXNativeTarget "xScanner macOS Tests" */;
			buildPhases = (
				044B23331DAC9D9F00F53397 /* Sources */,
				044B23341DAC9D9F00F53397 /* Frameworks */,
				044B23351DAC9D9F00F53397 /* Resources */,
			);
			buildRules = (
			);
			dependencies = (
				044B233A1DAC9D9F00F53397 /* PBXTargetDependency */,
			);
			name = "xScanner macOS Tests";
			productName = "xScanner macOSTests";
			productReference = 044B23371DAC9D9F00F53397 /* xScanner macOS Tests.xctest */;
			productType = "com.apple.product-type.bundle.unit-test";
		};
/* End PBXNativeTarget section */

/* Begin PBXProject section */
		044B23071DAC9D0600F53397 /* Project object */ = {
			isa = PBXProject;
			attributes = {
				LastSwiftUpdateCheck = 0800;
				LastUpgradeCheck = 0800;
				TargetAttributes = {
					044B23111DAC9D8800F53397 = {
						CreatedOnToolsVersion = 8.0;
						LastSwiftMigration = 0800;
						ProvisioningStyle = Automatic;
					};
					044B231A1DAC9D8900F53397 = {
						CreatedOnToolsVersion = 8.0;
						DevelopmentTeam = AWFM3K5AG4;
						LastSwiftMigration = 0800;
						ProvisioningStyle = Automatic;
					};
					044B232E1DAC9D9F00F53397 = {
						CreatedOnToolsVersion = 8.0;
						LastSwiftMigration = 0800;
						ProvisioningStyle = Automatic;
					};
					044B23361DAC9D9F00F53397 = {
						CreatedOnToolsVersion = 8.0;
						LastSwiftMigration = 0800;
						ProvisioningStyle = Automatic;
					};
				};
			};
			buildConfigurationList = 044B230A1DAC9D0600F53397 /* Build configuration list for PBXProject "xScanner" */;
			compatibilityVersion = "Xcode 3.2";
			developmentRegion = English;
			hasScannedForEncodings = 0;
			knownRegions = (
				en,
			);
			mainGroup = 044B23061DAC9D0600F53397;
			productRefGroup = 044B23131DAC9D8800F53397 /* Products */;
			projectDirPath = "";
			projectRoot = "";
			targets = (
				044B23111DAC9D8800F53397 /* xScanner iOS */,
				044B231A1DAC9D8900F53397 /* xScanner iOS Tests */,
				044B232E1DAC9D9F00F53397 /* xScanner macOS */,
				044B23361DAC9D9F00F53397 /* xScanner macOS Tests */,
			);
		};
/* End PBXProject section */

/* Begin PBXResourcesBuildPhase section */
		044B23101DAC9D8800F53397 /* Resources */ = {
			isa = PBXResourcesBuildPhase;
			buildActionMask = 2147483647;
			files = (
			);
			runOnlyForDeploymentPostprocessing = 0;
		};
		044B23191DAC9D8900F53397 /* Resources */ = {
			isa = PBXResourcesBuildPhase;
			buildActionMask = 2147483647;
			files = (
			);
			runOnlyForDeploymentPostprocessing = 0;
		};
		044B232D1DAC9D9F00F53397 /* Resources */ = {
			isa = PBXResourcesBuildPhase;
			buildActionMask = 2147483647;
			files = (
			);
			runOnlyForDeploymentPostprocessing = 0;
		};
		044B23351DAC9D9F00F53397 /* Resources */ = {
			isa = PBXResourcesBuildPhase;
			buildActionMask = 2147483647;
			files = (
			);
			runOnlyForDeploymentPostprocessing = 0;
		};
/* End PBXResourcesBuildPhase section */

/* Begin PBXSourcesBuildPhase section */
		044B230D1DAC9D8800F53397 /* Sources */ = {
			isa = PBXSourcesBuildPhase;
			buildActionMask = 2147483647;
			files = (
				04E5D56F1E51A071000C44F3 /* ScannerPorts.swift in Sources */,
				04E5D56D1E51A071000C44F3 /* Reachability.swift in Sources */,
				04E5D5681E51A071000C44F3 /* Calculate.swift in Sources */,
				04E5D5701E51A071000C44F3 /* TCP.swift in Sources */,
				04E5D5691E51A071000C44F3 /* Error.swift in Sources */,
				04E5D56A1E51A071000C44F3 /* ICMP.swift in Sources */,
				04E5D56E1E51A071000C44F3 /* ScannerHost.swift in Sources */,
				04E5D5731E51A071000C44F3 /* WOL.swift in Sources */,
				04E5D56C1E51A071000C44F3 /* NetworkLatency.swift in Sources */,
				04E5D5711E51A071000C44F3 /* UDP.swift in Sources */,
				04E5D56B1E51A071000C44F3 /* InterfaceInformation.swift in Sources */,
				04E5D5671E51A071000C44F3 /* Base.swift in Sources */,
				04E5D5741E51A071000C44F3 /* xScanner.swift in Sources */,
			);
			runOnlyForDeploymentPostprocessing = 0;
		};
		044B23171DAC9D8900F53397 /* Sources */ = {
			isa = PBXSourcesBuildPhase;
			buildActionMask = 2147483647;
			files = (
				04BF6A361DB07CE9009BC8B9 /* ScannerHostTests.swift in Sources */,
				04BF6A3C1DB07CE9009BC8B9 /* UDPTests.swift in Sources */,
				04BF6A3A1DB07CE9009BC8B9 /* TCPTests.swift in Sources */,
				04BF6A321DB07CE9009BC8B9 /* ICMPTests.swift in Sources */,
				04BF6A341DB07CE9009BC8B9 /* NetworkLatencyTests.swift in Sources */,
				04BF6A381DB07CE9009BC8B9 /* ScannerPortsTests.swift in Sources */,
				04BF6A3E1DB07CE9009BC8B9 /* WOLTests.swift in Sources */,
				04BF6A301DB07CE9009BC8B9 /* BaseTests.swift in Sources */,
			);
			runOnlyForDeploymentPostprocessing = 0;
		};
		044B232A1DAC9D9F00F53397 /* Sources */ = {
			isa = PBXSourcesBuildPhase;
			buildActionMask = 2147483647;
			files = (
				04E5D57D1E51A072000C44F3 /* ScannerPorts.swift in Sources */,
				04E5D57B1E51A072000C44F3 /* Reachability.swift in Sources */,
				04E5D5761E51A072000C44F3 /* Calculate.swift in Sources */,
				04E5D57E1E51A072000C44F3 /* TCP.swift in Sources */,
				04E5D5771E51A072000C44F3 /* Error.swift in Sources */,
				04E5D5781E51A072000C44F3 /* ICMP.swift in Sources */,
				04E5D57C1E51A072000C44F3 /* ScannerHost.swift in Sources */,
				04E5D5811E51A072000C44F3 /* WOL.swift in Sources */,
				04E5D57A1E51A072000C44F3 /* NetworkLatency.swift in Sources */,
				04E5D57F1E51A072000C44F3 /* UDP.swift in Sources */,
				04E5D5791E51A072000C44F3 /* InterfaceInformation.swift in Sources */,
				04E5D5751E51A072000C44F3 /* Base.swift in Sources */,
				04E5D5801E51A072000C44F3 /* Wireless.swift in Sources */,
				04E5D5821E51A072000C44F3 /* xScanner.swift in Sources */,
			);
			runOnlyForDeploymentPostprocessing = 0;
		};
		044B23331DAC9D9F00F53397 /* Sources */ = {
			isa = PBXSourcesBuildPhase;
			buildActionMask = 2147483647;
			files = (
				04BF6A371DB07CE9009BC8B9 /* ScannerHostTests.swift in Sources */,
				04BF6A3D1DB07CE9009BC8B9 /* UDPTests.swift in Sources */,
				04BF6A3B1DB07CE9009BC8B9 /* TCPTests.swift in Sources */,
				04BF6A331DB07CE9009BC8B9 /* ICMPTests.swift in Sources */,
				04BF6A351DB07CE9009BC8B9 /* NetworkLatencyTests.swift in Sources */,
				04BF6A391DB07CE9009BC8B9 /* ScannerPortsTests.swift in Sources */,
				04BF6A3F1DB07CE9009BC8B9 /* WOLTests.swift in Sources */,
				04BF6A311DB07CE9009BC8B9 /* BaseTests.swift in Sources */,
			);
			runOnlyForDeploymentPostprocessing = 0;
		};
/* End PBXSourcesBuildPhase section */

/* Begin PBXTargetDependency section */
		044B231E1DAC9D8900F53397 /* PBXTargetDependency */ = {
			isa = PBXTargetDependency;
			target = 044B23111DAC9D8800F53397 /* xScanner iOS */;
			targetProxy = 044B231D1DAC9D8900F53397 /* PBXContainerItemProxy */;
		};
		044B233A1DAC9D9F00F53397 /* PBXTargetDependency */ = {
			isa = PBXTargetDependency;
			target = 044B232E1DAC9D9F00F53397 /* xScanner macOS */;
			targetProxy = 044B23391DAC9D9F00F53397 /* PBXContainerItemProxy */;
		};
/* End PBXTargetDependency section */

/* Begin XCBuildConfiguration section */
		044B230B1DAC9D0600F53397 /* Debug */ = {
			isa = XCBuildConfiguration;
			buildSettings = {
			};
			name = Debug;
		};
		044B230C1DAC9D0600F53397 /* Release */ = {
			isa = XCBuildConfiguration;
			buildSettings = {
			};
			name = Release;
		};
		044B23241DAC9D8900F53397 /* Debug */ = {
			isa = XCBuildConfiguration;
			buildSettings = {
				ALWAYS_SEARCH_USER_PATHS = NO;
				APPLICATION_EXTENSION_API_ONLY = YES;
				CLANG_ANALYZER_NONNULL = YES;
				CLANG_CXX_LANGUAGE_STANDARD = "gnu++0x";
				CLANG_CXX_LIBRARY = "libc++";
				CLANG_ENABLE_MODULES = YES;
				CLANG_ENABLE_OBJC_ARC = YES;
				CLANG_WARN_BOOL_CONVERSION = YES;
				CLANG_WARN_CONSTANT_CONVERSION = YES;
				CLANG_WARN_DIRECT_OBJC_ISA_USAGE = YES_ERROR;
				CLANG_WARN_DOCUMENTATION_COMMENTS = YES;
				CLANG_WARN_EMPTY_BODY = YES;
				CLANG_WARN_ENUM_CONVERSION = YES;
				CLANG_WARN_INFINITE_RECURSION = YES;
				CLANG_WARN_INT_CONVERSION = YES;
				CLANG_WARN_OBJC_ROOT_CLASS = YES_ERROR;
				CLANG_WARN_SUSPICIOUS_MOVES = YES;
				CLANG_WARN_UNREACHABLE_CODE = YES;
				CLANG_WARN__DUPLICATE_METHOD_MATCH = YES;
				CODE_SIGN_IDENTITY = "";
				"CODE_SIGN_IDENTITY[sdk=iphoneos*]" = "iPhone Developer";
				COPY_PHASE_STRIP = NO;
				CURRENT_PROJECT_VERSION = 1;
				DEBUG_INFORMATION_FORMAT = dwarf;
				DEFINES_MODULE = YES;
				DYLIB_COMPATIBILITY_VERSION = 1;
				DYLIB_CURRENT_VERSION = 1;
				DYLIB_INSTALL_NAME_BASE = "@rpath";
				ENABLE_STRICT_OBJC_MSGSEND = YES;
				ENABLE_TESTABILITY = YES;
				GCC_C_LANGUAGE_STANDARD = gnu99;
				GCC_DYNAMIC_NO_PIC = NO;
				GCC_NO_COMMON_BLOCKS = YES;
				GCC_OPTIMIZATION_LEVEL = 0;
				GCC_PREPROCESSOR_DEFINITIONS = (
					"DEBUG=1",
					"$(inherited)",
				);
				GCC_WARN_64_TO_32_BIT_CONVERSION = YES;
				GCC_WARN_ABOUT_RETURN_TYPE = YES_ERROR;
				GCC_WARN_UNDECLARED_SELECTOR = YES;
				GCC_WARN_UNINITIALIZED_AUTOS = YES_AGGRESSIVE;
				GCC_WARN_UNUSED_FUNCTION = YES;
				GCC_WARN_UNUSED_VARIABLE = YES;
				HEADER_SEARCH_PATHS = "$(SDKROOT)/usr/include/";
				INFOPLIST_FILE = "$(SRCROOT)/Sources/Info.plist";
				INSTALL_PATH = "$(LOCAL_LIBRARY_DIR)/Frameworks";
				IPHONEOS_DEPLOYMENT_TARGET = 8.0;
				LD_RUNPATH_SEARCH_PATHS = "$(inherited) @executable_path/Frameworks @loader_path/Frameworks";
				MTL_ENABLE_DEBUG_INFO = YES;
				ONLY_ACTIVE_ARCH = YES;
				PRODUCT_BUNDLE_IDENTIFIER = com.jack.xScanner;
				PRODUCT_NAME = xScanner;
				SDKROOT = iphoneos;
				SKIP_INSTALL = YES;
				SWIFT_ACTIVE_COMPILATION_CONDITIONS = DEBUG;
				SWIFT_INCLUDE_PATHS = "";
				"SWIFT_INCLUDE_PATHS[sdk=iphoneos*]" = "${SRCROOT}/Sources/modules/ifaddrs/iphoneos";
				"SWIFT_INCLUDE_PATHS[sdk=iphonesimulator*]" = "${SRCROOT}/Sources/modules/ifaddrs/iphonesimulator";
				SWIFT_OPTIMIZATION_LEVEL = "-Onone";
				SWIFT_VERSION = 3.0;
				TARGETED_DEVICE_FAMILY = "1,2";
				VERSIONING_SYSTEM = "apple-generic";
				VERSION_INFO_PREFIX = "";
			};
			name = Debug;
		};
		044B23251DAC9D8900F53397 /* Release */ = {
			isa = XCBuildConfiguration;
			buildSettings = {
				ALWAYS_SEARCH_USER_PATHS = NO;
				APPLICATION_EXTENSION_API_ONLY = YES;
				CLANG_ANALYZER_NONNULL = YES;
				CLANG_CXX_LANGUAGE_STANDARD = "gnu++0x";
				CLANG_CXX_LIBRARY = "libc++";
				CLANG_ENABLE_MODULES = YES;
				CLANG_ENABLE_OBJC_ARC = YES;
				CLANG_WARN_BOOL_CONVERSION = YES;
				CLANG_WARN_CONSTANT_CONVERSION = YES;
				CLANG_WARN_DIRECT_OBJC_ISA_USAGE = YES_ERROR;
				CLANG_WARN_DOCUMENTATION_COMMENTS = YES;
				CLANG_WARN_EMPTY_BODY = YES;
				CLANG_WARN_ENUM_CONVERSION = YES;
				CLANG_WARN_INFINITE_RECURSION = YES;
				CLANG_WARN_INT_CONVERSION = YES;
				CLANG_WARN_OBJC_ROOT_CLASS = YES_ERROR;
				CLANG_WARN_SUSPICIOUS_MOVES = YES;
				CLANG_WARN_UNREACHABLE_CODE = YES;
				CLANG_WARN__DUPLICATE_METHOD_MATCH = YES;
				CODE_SIGN_IDENTITY = "";
				"CODE_SIGN_IDENTITY[sdk=iphoneos*]" = "iPhone Developer";
				COPY_PHASE_STRIP = NO;
				CURRENT_PROJECT_VERSION = 1;
				DEBUG_INFORMATION_FORMAT = "dwarf-with-dsym";
				DEFINES_MODULE = YES;
				DYLIB_COMPATIBILITY_VERSION = 1;
				DYLIB_CURRENT_VERSION = 1;
				DYLIB_INSTALL_NAME_BASE = "@rpath";
				ENABLE_NS_ASSERTIONS = NO;
				ENABLE_STRICT_OBJC_MSGSEND = YES;
				GCC_C_LANGUAGE_STANDARD = gnu99;
				GCC_NO_COMMON_BLOCKS = YES;
				GCC_WARN_64_TO_32_BIT_CONVERSION = YES;
				GCC_WARN_ABOUT_RETURN_TYPE = YES_ERROR;
				GCC_WARN_UNDECLARED_SELECTOR = YES;
				GCC_WARN_UNINITIALIZED_AUTOS = YES_AGGRESSIVE;
				GCC_WARN_UNUSED_FUNCTION = YES;
				GCC_WARN_UNUSED_VARIABLE = YES;
				HEADER_SEARCH_PATHS = "$(SDKROOT)/usr/include/";
				INFOPLIST_FILE = "$(SRCROOT)/Sources/Info.plist";
				INSTALL_PATH = "$(LOCAL_LIBRARY_DIR)/Frameworks";
				IPHONEOS_DEPLOYMENT_TARGET = 8.0;
				LD_RUNPATH_SEARCH_PATHS = "$(inherited) @executable_path/Frameworks @loader_path/Frameworks";
				MTL_ENABLE_DEBUG_INFO = NO;
				PRODUCT_BUNDLE_IDENTIFIER = com.jack.xScanner;
				PRODUCT_NAME = xScanner;
				SDKROOT = iphoneos;
				SKIP_INSTALL = YES;
				SWIFT_INCLUDE_PATHS = "";
				"SWIFT_INCLUDE_PATHS[sdk=iphoneos*]" = "${SRCROOT}/Sources/modules/ifaddrs/iphoneos";
				"SWIFT_INCLUDE_PATHS[sdk=iphonesimulator*]" = "${SRCROOT}/Sources/modules/ifaddrs/iphonesimulator";
				SWIFT_OPTIMIZATION_LEVEL = "-Owholemodule";
				SWIFT_VERSION = 3.0;
				TARGETED_DEVICE_FAMILY = "1,2";
				VALIDATE_PRODUCT = YES;
				VERSIONING_SYSTEM = "apple-generic";
				VERSION_INFO_PREFIX = "";
			};
			name = Release;
		};
		044B23261DAC9D8900F53397 /* Debug */ = {
			isa = XCBuildConfiguration;
			buildSettings = {
				ALWAYS_EMBED_SWIFT_STANDARD_LIBRARIES = YES;
				ALWAYS_SEARCH_USER_PATHS = NO;
				CLANG_ANALYZER_NONNULL = YES;
				CLANG_CXX_LANGUAGE_STANDARD = "gnu++0x";
				CLANG_CXX_LIBRARY = "libc++";
				CLANG_ENABLE_MODULES = YES;
				CLANG_ENABLE_OBJC_ARC = YES;
				CLANG_WARN_BOOL_CONVERSION = YES;
				CLANG_WARN_CONSTANT_CONVERSION = YES;
				CLANG_WARN_DIRECT_OBJC_ISA_USAGE = YES_ERROR;
				CLANG_WARN_DOCUMENTATION_COMMENTS = YES;
				CLANG_WARN_EMPTY_BODY = YES;
				CLANG_WARN_ENUM_CONVERSION = YES;
				CLANG_WARN_INFINITE_RECURSION = YES;
				CLANG_WARN_INT_CONVERSION = YES;
				CLANG_WARN_OBJC_ROOT_CLASS = YES_ERROR;
				CLANG_WARN_SUSPICIOUS_MOVES = YES;
				CLANG_WARN_UNREACHABLE_CODE = YES;
				CLANG_WARN__DUPLICATE_METHOD_MATCH = YES;
				"CODE_SIGN_IDENTITY[sdk=iphoneos*]" = "iPhone Developer";
				COPY_PHASE_STRIP = NO;
				DEBUG_INFORMATION_FORMAT = dwarf;
				DEVELOPMENT_TEAM = AWFM3K5AG4;
				ENABLE_STRICT_OBJC_MSGSEND = YES;
				ENABLE_TESTABILITY = YES;
				GCC_C_LANGUAGE_STANDARD = gnu99;
				GCC_DYNAMIC_NO_PIC = NO;
				GCC_NO_COMMON_BLOCKS = YES;
				GCC_OPTIMIZATION_LEVEL = 0;
				GCC_PREPROCESSOR_DEFINITIONS = (
					"DEBUG=1",
					"$(inherited)",
				);
				GCC_WARN_64_TO_32_BIT_CONVERSION = YES;
				GCC_WARN_ABOUT_RETURN_TYPE = YES_ERROR;
				GCC_WARN_UNDECLARED_SELECTOR = YES;
				GCC_WARN_UNINITIALIZED_AUTOS = YES_AGGRESSIVE;
				GCC_WARN_UNUSED_FUNCTION = YES;
				GCC_WARN_UNUSED_VARIABLE = YES;
				INFOPLIST_FILE = Tests/Info.plist;
				IPHONEOS_DEPLOYMENT_TARGET = 10.0;
				LD_RUNPATH_SEARCH_PATHS = "$(inherited) @executable_path/Frameworks @loader_path/Frameworks";
				MTL_ENABLE_DEBUG_INFO = YES;
				ONLY_ACTIVE_ARCH = YES;
				PRODUCT_BUNDLE_IDENTIFIER = "com.jack.xScanner-iOSTests";
				PRODUCT_NAME = "$(TARGET_NAME)";
				SDKROOT = iphoneos;
				SWIFT_ACTIVE_COMPILATION_CONDITIONS = DEBUG;
				SWIFT_OBJC_BRIDGING_HEADER = "Tests/xScanner Tests-Bridging-Header.h";
				SWIFT_OPTIMIZATION_LEVEL = "-Onone";
				SWIFT_VERSION = 3.0;
			};
			name = Debug;
		};
		044B23271DAC9D8900F53397 /* Release */ = {
			isa = XCBuildConfiguration;
			buildSettings = {
				ALWAYS_EMBED_SWIFT_STANDARD_LIBRARIES = YES;
				ALWAYS_SEARCH_USER_PATHS = NO;
				CLANG_ANALYZER_NONNULL = YES;
				CLANG_CXX_LANGUAGE_STANDARD = "gnu++0x";
				CLANG_CXX_LIBRARY = "libc++";
				CLANG_ENABLE_MODULES = YES;
				CLANG_ENABLE_OBJC_ARC = YES;
				CLANG_WARN_BOOL_CONVERSION = YES;
				CLANG_WARN_CONSTANT_CONVERSION = YES;
				CLANG_WARN_DIRECT_OBJC_ISA_USAGE = YES_ERROR;
				CLANG_WARN_DOCUMENTATION_COMMENTS = YES;
				CLANG_WARN_EMPTY_BODY = YES;
				CLANG_WARN_ENUM_CONVERSION = YES;
				CLANG_WARN_INFINITE_RECURSION = YES;
				CLANG_WARN_INT_CONVERSION = YES;
				CLANG_WARN_OBJC_ROOT_CLASS = YES_ERROR;
				CLANG_WARN_SUSPICIOUS_MOVES = YES;
				CLANG_WARN_UNREACHABLE_CODE = YES;
				CLANG_WARN__DUPLICATE_METHOD_MATCH = YES;
				"CODE_SIGN_IDENTITY[sdk=iphoneos*]" = "iPhone Developer";
				COPY_PHASE_STRIP = NO;
				DEBUG_INFORMATION_FORMAT = "dwarf-with-dsym";
				DEVELOPMENT_TEAM = AWFM3K5AG4;
				ENABLE_NS_ASSERTIONS = NO;
				ENABLE_STRICT_OBJC_MSGSEND = YES;
				GCC_C_LANGUAGE_STANDARD = gnu99;
				GCC_NO_COMMON_BLOCKS = YES;
				GCC_WARN_64_TO_32_BIT_CONVERSION = YES;
				GCC_WARN_ABOUT_RETURN_TYPE = YES_ERROR;
				GCC_WARN_UNDECLARED_SELECTOR = YES;
				GCC_WARN_UNINITIALIZED_AUTOS = YES_AGGRESSIVE;
				GCC_WARN_UNUSED_FUNCTION = YES;
				GCC_WARN_UNUSED_VARIABLE = YES;
				INFOPLIST_FILE = Tests/Info.plist;
				IPHONEOS_DEPLOYMENT_TARGET = 10.0;
				LD_RUNPATH_SEARCH_PATHS = "$(inherited) @executable_path/Frameworks @loader_path/Frameworks";
				MTL_ENABLE_DEBUG_INFO = NO;
				PRODUCT_BUNDLE_IDENTIFIER = "com.jack.xScanner-iOSTests";
				PRODUCT_NAME = "$(TARGET_NAME)";
				SDKROOT = iphoneos;
				SWIFT_OBJC_BRIDGING_HEADER = "Tests/xScanner Tests-Bridging-Header.h";
				SWIFT_OPTIMIZATION_LEVEL = "-Owholemodule";
				SWIFT_VERSION = 3.0;
				VALIDATE_PRODUCT = YES;
			};
			name = Release;
		};
		044B23411DAC9D9F00F53397 /* Debug */ = {
			isa = XCBuildConfiguration;
			buildSettings = {
				ALWAYS_SEARCH_USER_PATHS = NO;
				APPLICATION_EXTENSION_API_ONLY = YES;
				CLANG_ALLOW_NON_MODULAR_INCLUDES_IN_FRAMEWORK_MODULES = NO;
				CLANG_ANALYZER_NONNULL = YES;
				CLANG_CXX_LANGUAGE_STANDARD = "gnu++0x";
				CLANG_CXX_LIBRARY = "libc++";
				CLANG_ENABLE_MODULES = YES;
				CLANG_ENABLE_OBJC_ARC = YES;
				CLANG_WARN_BOOL_CONVERSION = YES;
				CLANG_WARN_CONSTANT_CONVERSION = YES;
				CLANG_WARN_DIRECT_OBJC_ISA_USAGE = YES_ERROR;
				CLANG_WARN_DOCUMENTATION_COMMENTS = YES;
				CLANG_WARN_EMPTY_BODY = YES;
				CLANG_WARN_ENUM_CONVERSION = YES;
				CLANG_WARN_INFINITE_RECURSION = YES;
				CLANG_WARN_INT_CONVERSION = YES;
				CLANG_WARN_OBJC_ROOT_CLASS = YES_ERROR;
				CLANG_WARN_SUSPICIOUS_MOVES = YES;
				CLANG_WARN_UNREACHABLE_CODE = YES;
				CLANG_WARN__DUPLICATE_METHOD_MATCH = YES;
				CODE_SIGN_IDENTITY = "-";
				COMBINE_HIDPI_IMAGES = YES;
				COPY_PHASE_STRIP = NO;
				CURRENT_PROJECT_VERSION = 1;
				DEBUG_INFORMATION_FORMAT = dwarf;
				DEFINES_MODULE = YES;
				DYLIB_COMPATIBILITY_VERSION = 1;
				DYLIB_CURRENT_VERSION = 1;
				DYLIB_INSTALL_NAME_BASE = "@rpath";
				ENABLE_STRICT_OBJC_MSGSEND = YES;
				ENABLE_TESTABILITY = YES;
				FRAMEWORK_VERSION = A;
				GCC_C_LANGUAGE_STANDARD = gnu99;
				GCC_DYNAMIC_NO_PIC = NO;
				GCC_NO_COMMON_BLOCKS = YES;
				GCC_OPTIMIZATION_LEVEL = 0;
				GCC_PREPROCESSOR_DEFINITIONS = (
					"DEBUG=1",
					"$(inherited)",
				);
				GCC_WARN_64_TO_32_BIT_CONVERSION = YES;
				GCC_WARN_ABOUT_RETURN_TYPE = YES_ERROR;
				GCC_WARN_UNDECLARED_SELECTOR = YES;
				GCC_WARN_UNINITIALIZED_AUTOS = YES_AGGRESSIVE;
				GCC_WARN_UNUSED_FUNCTION = YES;
				GCC_WARN_UNUSED_VARIABLE = YES;
				HEADER_SEARCH_PATHS = "$(SDKROOT)/usr/include/";
				INFOPLIST_FILE = "$(SRCROOT)/Sources/Info.plist";
				INSTALL_PATH = "$(LOCAL_LIBRARY_DIR)/Frameworks";
				LD_RUNPATH_SEARCH_PATHS = "$(inherited) @executable_path/../Frameworks @loader_path/Frameworks";
				MACOSX_DEPLOYMENT_TARGET = 10.11;
				MTL_ENABLE_DEBUG_INFO = YES;
				ONLY_ACTIVE_ARCH = YES;
				PRODUCT_BUNDLE_IDENTIFIER = com.jack.xScanner;
				PRODUCT_NAME = xScanner;
				SDKROOT = macosx;
				SKIP_INSTALL = YES;
				SWIFT_ACTIVE_COMPILATION_CONDITIONS = DEBUG;
				SWIFT_INCLUDE_PATHS = "$(SRCROOT)/Sources/modules/ifaddrs/macosx";
				SWIFT_OPTIMIZATION_LEVEL = "-Onone";
				SWIFT_VERSION = 3.0;
				VERSIONING_SYSTEM = "apple-generic";
				VERSION_INFO_PREFIX = "";
			};
			name = Debug;
		};
		044B23421DAC9D9F00F53397 /* Release */ = {
			isa = XCBuildConfiguration;
			buildSettings = {
				ALWAYS_SEARCH_USER_PATHS = NO;
				APPLICATION_EXTENSION_API_ONLY = YES;
				CLANG_ALLOW_NON_MODULAR_INCLUDES_IN_FRAMEWORK_MODULES = NO;
				CLANG_ANALYZER_NONNULL = YES;
				CLANG_CXX_LANGUAGE_STANDARD = "gnu++0x";
				CLANG_CXX_LIBRARY = "libc++";
				CLANG_ENABLE_MODULES = YES;
				CLANG_ENABLE_OBJC_ARC = YES;
				CLANG_WARN_BOOL_CONVERSION = YES;
				CLANG_WARN_CONSTANT_CONVERSION = YES;
				CLANG_WARN_DIRECT_OBJC_ISA_USAGE = YES_ERROR;
				CLANG_WARN_DOCUMENTATION_COMMENTS = YES;
				CLANG_WARN_EMPTY_BODY = YES;
				CLANG_WARN_ENUM_CONVERSION = YES;
				CLANG_WARN_INFINITE_RECURSION = YES;
				CLANG_WARN_INT_CONVERSION = YES;
				CLANG_WARN_OBJC_ROOT_CLASS = YES_ERROR;
				CLANG_WARN_SUSPICIOUS_MOVES = YES;
				CLANG_WARN_UNREACHABLE_CODE = YES;
				CLANG_WARN__DUPLICATE_METHOD_MATCH = YES;
				CODE_SIGN_IDENTITY = "-";
				COMBINE_HIDPI_IMAGES = YES;
				COPY_PHASE_STRIP = NO;
				CURRENT_PROJECT_VERSION = 1;
				DEBUG_INFORMATION_FORMAT = "dwarf-with-dsym";
				DEFINES_MODULE = YES;
				DYLIB_COMPATIBILITY_VERSION = 1;
				DYLIB_CURRENT_VERSION = 1;
				DYLIB_INSTALL_NAME_BASE = "@rpath";
				ENABLE_NS_ASSERTIONS = NO;
				ENABLE_STRICT_OBJC_MSGSEND = YES;
				FRAMEWORK_VERSION = A;
				GCC_C_LANGUAGE_STANDARD = gnu99;
				GCC_NO_COMMON_BLOCKS = YES;
				GCC_WARN_64_TO_32_BIT_CONVERSION = YES;
				GCC_WARN_ABOUT_RETURN_TYPE = YES_ERROR;
				GCC_WARN_UNDECLARED_SELECTOR = YES;
				GCC_WARN_UNINITIALIZED_AUTOS = YES_AGGRESSIVE;
				GCC_WARN_UNUSED_FUNCTION = YES;
				GCC_WARN_UNUSED_VARIABLE = YES;
				HEADER_SEARCH_PATHS = "$(SDKROOT)/usr/include/";
				INFOPLIST_FILE = "$(SRCROOT)/Sources/Info.plist";
				INSTALL_PATH = "$(LOCAL_LIBRARY_DIR)/Frameworks";
				LD_RUNPATH_SEARCH_PATHS = "$(inherited) @executable_path/../Frameworks @loader_path/Frameworks";
				MACOSX_DEPLOYMENT_TARGET = 10.11;
				MTL_ENABLE_DEBUG_INFO = NO;
				PRODUCT_BUNDLE_IDENTIFIER = com.jack.xScanner;
				PRODUCT_NAME = xScanner;
				SDKROOT = macosx;
				SKIP_INSTALL = YES;
				SWIFT_INCLUDE_PATHS = "$(SRCROOT)/Sources/modules/ifaddrs/macosx";
				SWIFT_OPTIMIZATION_LEVEL = "-Owholemodule";
				SWIFT_VERSION = 3.0;
				VERSIONING_SYSTEM = "apple-generic";
				VERSION_INFO_PREFIX = "";
			};
			name = Release;
		};
		044B23441DAC9D9F00F53397 /* Debug */ = {
			isa = XCBuildConfiguration;
			buildSettings = {
				ALWAYS_EMBED_SWIFT_STANDARD_LIBRARIES = YES;
				ALWAYS_SEARCH_USER_PATHS = NO;
				CLANG_ANALYZER_NONNULL = YES;
				CLANG_CXX_LANGUAGE_STANDARD = "gnu++0x";
				CLANG_CXX_LIBRARY = "libc++";
				CLANG_ENABLE_MODULES = YES;
				CLANG_ENABLE_OBJC_ARC = YES;
				CLANG_WARN_BOOL_CONVERSION = YES;
				CLANG_WARN_CONSTANT_CONVERSION = YES;
				CLANG_WARN_DIRECT_OBJC_ISA_USAGE = YES_ERROR;
				CLANG_WARN_DOCUMENTATION_COMMENTS = YES;
				CLANG_WARN_EMPTY_BODY = YES;
				CLANG_WARN_ENUM_CONVERSION = YES;
				CLANG_WARN_INFINITE_RECURSION = YES;
				CLANG_WARN_INT_CONVERSION = YES;
				CLANG_WARN_OBJC_ROOT_CLASS = YES_ERROR;
				CLANG_WARN_SUSPICIOUS_MOVES = YES;
				CLANG_WARN_UNREACHABLE_CODE = YES;
				CLANG_WARN__DUPLICATE_METHOD_MATCH = YES;
				CODE_SIGN_IDENTITY = "-";
				COMBINE_HIDPI_IMAGES = YES;
				COPY_PHASE_STRIP = NO;
				DEBUG_INFORMATION_FORMAT = dwarf;
				ENABLE_STRICT_OBJC_MSGSEND = YES;
				ENABLE_TESTABILITY = YES;
				GCC_C_LANGUAGE_STANDARD = gnu99;
				GCC_DYNAMIC_NO_PIC = NO;
				GCC_NO_COMMON_BLOCKS = YES;
				GCC_OPTIMIZATION_LEVEL = 0;
				GCC_PREPROCESSOR_DEFINITIONS = (
					"DEBUG=1",
					"$(inherited)",
				);
				GCC_WARN_64_TO_32_BIT_CONVERSION = YES;
				GCC_WARN_ABOUT_RETURN_TYPE = YES_ERROR;
				GCC_WARN_UNDECLARED_SELECTOR = YES;
				GCC_WARN_UNINITIALIZED_AUTOS = YES_AGGRESSIVE;
				GCC_WARN_UNUSED_FUNCTION = YES;
				GCC_WARN_UNUSED_VARIABLE = YES;
				INFOPLIST_FILE = Tests/Info.plist;
				LD_RUNPATH_SEARCH_PATHS = "$(inherited) @executable_path/../Frameworks @loader_path/../Frameworks";
				MACOSX_DEPLOYMENT_TARGET = 10.11;
				MTL_ENABLE_DEBUG_INFO = YES;
				ONLY_ACTIVE_ARCH = YES;
				PRODUCT_BUNDLE_IDENTIFIER = "com.jack.xScanner-macOSTests";
				PRODUCT_NAME = "$(TARGET_NAME)";
				SDKROOT = macosx;
				SWIFT_ACTIVE_COMPILATION_CONDITIONS = DEBUG;
				SWIFT_OBJC_BRIDGING_HEADER = "Tests/xScanner Tests-Bridging-Header.h";
				SWIFT_OPTIMIZATION_LEVEL = "-Onone";
				SWIFT_VERSION = 3.0;
			};
			name = Debug;
		};
		044B23451DAC9D9F00F53397 /* Release */ = {
			isa = XCBuildConfiguration;
			buildSettings = {
				ALWAYS_EMBED_SWIFT_STANDARD_LIBRARIES = YES;
				ALWAYS_SEARCH_USER_PATHS = NO;
				CLANG_ANALYZER_NONNULL = YES;
				CLANG_CXX_LANGUAGE_STANDARD = "gnu++0x";
				CLANG_CXX_LIBRARY = "libc++";
				CLANG_ENABLE_MODULES = YES;
				CLANG_ENABLE_OBJC_ARC = YES;
				CLANG_WARN_BOOL_CONVERSION = YES;
				CLANG_WARN_CONSTANT_CONVERSION = YES;
				CLANG_WARN_DIRECT_OBJC_ISA_USAGE = YES_ERROR;
				CLANG_WARN_DOCUMENTATION_COMMENTS = YES;
				CLANG_WARN_EMPTY_BODY = YES;
				CLANG_WARN_ENUM_CONVERSION = YES;
				CLANG_WARN_INFINITE_RECURSION = YES;
				CLANG_WARN_INT_CONVERSION = YES;
				CLANG_WARN_OBJC_ROOT_CLASS = YES_ERROR;
				CLANG_WARN_SUSPICIOUS_MOVES = YES;
				CLANG_WARN_UNREACHABLE_CODE = YES;
				CLANG_WARN__DUPLICATE_METHOD_MATCH = YES;
				CODE_SIGN_IDENTITY = "-";
				COMBINE_HIDPI_IMAGES = YES;
				COPY_PHASE_STRIP = NO;
				DEBUG_INFORMATION_FORMAT = "dwarf-with-dsym";
				ENABLE_NS_ASSERTIONS = NO;
				ENABLE_STRICT_OBJC_MSGSEND = YES;
				GCC_C_LANGUAGE_STANDARD = gnu99;
				GCC_NO_COMMON_BLOCKS = YES;
				GCC_WARN_64_TO_32_BIT_CONVERSION = YES;
				GCC_WARN_ABOUT_RETURN_TYPE = YES_ERROR;
				GCC_WARN_UNDECLARED_SELECTOR = YES;
				GCC_WARN_UNINITIALIZED_AUTOS = YES_AGGRESSIVE;
				GCC_WARN_UNUSED_FUNCTION = YES;
				GCC_WARN_UNUSED_VARIABLE = YES;
				INFOPLIST_FILE = Tests/Info.plist;
				LD_RUNPATH_SEARCH_PATHS = "$(inherited) @executable_path/../Frameworks @loader_path/../Frameworks";
				MACOSX_DEPLOYMENT_TARGET = 10.11;
				MTL_ENABLE_DEBUG_INFO = NO;
				PRODUCT_BUNDLE_IDENTIFIER = "com.jack.xScanner-macOSTests";
				PRODUCT_NAME = "$(TARGET_NAME)";
				SDKROOT = macosx;
				SWIFT_OBJC_BRIDGING_HEADER = "Tests/xScanner Tests-Bridging-Header.h";
				SWIFT_OPTIMIZATION_LEVEL = "-Owholemodule";
				SWIFT_VERSION = 3.0;
			};
			name = Release;
		};
/* End XCBuildConfiguration section */

/* Begin XCConfigurationList section */
		044B230A1DAC9D0600F53397 /* Build configuration list for PBXProject "xScanner" */ = {
			isa = XCConfigurationList;
			buildConfigurations = (
				044B230B1DAC9D0600F53397 /* Debug */,
				044B230C1DAC9D0600F53397 /* Release */,
			);
			defaultConfigurationIsVisible = 0;
			defaultConfigurationName = Release;
		};
		044B23281DAC9D8900F53397 /* Build configuration list for PBXNativeTarget "xScanner iOS" */ = {
			isa = XCConfigurationList;
			buildConfigurations = (
				044B23241DAC9D8900F53397 /* Debug */,
				044B23251DAC9D8900F53397 /* Release */,
			);
			defaultConfigurationIsVisible = 0;
			defaultConfigurationName = Release;
		};
		044B23291DAC9D8900F53397 /* Build configuration list for PBXNativeTarget "xScanner iOS Tests" */ = {
			isa = XCConfigurationList;
			buildConfigurations = (
				044B23261DAC9D8900F53397 /* Debug */,
				044B23271DAC9D8900F53397 /* Release */,
			);
			defaultConfigurationIsVisible = 0;
			defaultConfigurationName = Release;
		};
		044B23401DAC9D9F00F53397 /* Build configuration list for PBXNativeTarget "xScanner macOS" */ = {
			isa = XCConfigurationList;
			buildConfigurations = (
				044B23411DAC9D9F00F53397 /* Debug */,
				044B23421DAC9D9F00F53397 /* Release */,
			);
			defaultConfigurationIsVisible = 0;
			defaultConfigurationName = Release;
		};
		044B23431DAC9D9F00F53397 /* Build configuration list for PBXNativeTarget "xScanner macOS Tests" */ = {
			isa = XCConfigurationList;
			buildConfigurations = (
				044B23441DAC9D9F00F53397 /* Debug */,
				044B23451DAC9D9F00F53397 /* Release */,
			);
			defaultConfigurationIsVisible = 0;
			defaultConfigurationName = Release;
		};
/* End XCConfigurationList section */
	};
	rootObject = 044B23071DAC9D0600F53397 /* Project object */;
}
